
Microsoft Visual Studio Solution File, Format Version 12.00
# Visual Studio 15
VisualStudioVersion = 15.0.28307.421
MinimumVisualStudioVersion = 10.0.40219.1
Project("{FAE04EC0-301F-11D3-BF4B-00C04F79EFBC}") = "Library", "Library\Library.csproj", "{1C352286-9086-4A34-887C-11128A50B7D3}"
EndProject
Project("{FAE04EC0-301F-11D3-BF4B-00C04F79EFBC}") = "LibraryServices", "LibraryServices\LibraryServices.csproj", "{D97A0539-E8E2-4AD7-B8AA-DC90F0E9368E}"
EndProject
Project("{FAE04EC0-301F-11D3-BF4B-00C04F79EFBC}") = "LibraryData", "LibraryData\LibraryData.csproj", "{783A6657-FA3A-4BD7-8DFC-2328538C18B2}"
EndProject
Global
	GlobalSection(SolutionConfigurationPlatforms) = preSolution
		Debug|Any CPU = Debug|Any CPU
		Release|Any CPU = Release|Any CPU
	EndGlobalSection
	GlobalSection(ProjectConfigurationPlatforms) = postSolution
		{1C352286-9086-4A34-887C-11128A50B7D3}.Debug|Any CPU.ActiveCfg = Debug|Any CPU
		{1C352286-9086-4A34-887C-11128A50B7D3}.Debug|Any CPU.Build.0 = Debug|Any CPU
		{1C352286-9086-4A34-887C-11128A50B7D3}.Release|Any CPU.ActiveCfg = Release|Any CPU
		{1C352286-9086-4A34-887C-11128A50B7D3}.Release|Any CPU.Build.0 = Release|Any CPU
		{D97A0539-E8E2-4AD7-B8AA-DC90F0E9368E}.Debug|Any CPU.ActiveCfg = Debug|Any CPU
		{D97A0539-E8E2-4AD7-B8AA-DC90F0E9368E}.Debug|Any CPU.Build.0 = Debug|Any CPU
		{D97A0539-E8E2-4AD7-B8AA-DC90F0E9368E}.Release|Any CPU.ActiveCfg = Release|Any CPU
		{D97A0539-E8E2-4AD7-B8AA-DC90F0E9368E}.Release|Any CPU.Build.0 = Release|Any CPU
		{783A6657-FA3A-4BD7-8DFC-2328538C18B2}.Debug|Any CPU.ActiveCfg = Debug|Any CPU
		{783A6657-FA3A-4BD7-8DFC-2328538C18B2}.Debug|Any CPU.Build.0 = Debug|Any CPU
		{783A6657-FA3A-4BD7-8DFC-2328538C18B2}.Release|Any CPU.ActiveCfg = Release|Any CPU
		{783A6657-FA3A-4BD7-8DFC-2328538C18B2}.Release|Any CPU.Build.0 = Release|Any CPU
	EndGlobalSection
	GlobalSection(SolutionProperties) = preSolution
		HideSolutionNode = FALSE
	EndGlobalSection
	GlobalSection(ExtensibilityGlobals) = postSolution
		SolutionGuid = {8956A6E2-48B2-4D1E-AC8F-885D720D69A3}
	EndGlobalSection
EndGlobal
